
Microsoft Visual Studio Solution File, Format Version 12.00
# Visual Studio Version 16
VisualStudioVersion = 16.0.29123.88
MinimumVisualStudioVersion = 10.0.40219.1
Project("{FAE04EC0-301F-11D3-BF4B-00C04F79EFBC}") = "Empresa-Lab-6", "Empresa-Lab-6.csproj", "{509DC458-85B2-4078-96FA-7889F319E0E1}"
EndProject
Global
	GlobalSection(SolutionConfigurationPlatforms) = preSolution
		Debug|Any CPU = Debug|Any CPU
		Release|Any CPU = Release|Any CPU
	EndGlobalSection
	GlobalSection(ProjectConfigurationPlatforms) = postSolution
		{509DC458-85B2-4078-96FA-7889F319E0E1}.Debug|Any CPU.ActiveCfg = Debug|Any CPU
		{509DC458-85B2-4078-96FA-7889F319E0E1}.Debug|Any CPU.Build.0 = Debug|Any CPU
		{509DC458-85B2-4078-96FA-7889F319E0E1}.Release|Any CPU.ActiveCfg = Release|Any CPU
		{509DC458-85B2-4078-96FA-7889F319E0E1}.Release|Any CPU.Build.0 = Release|Any CPU
	EndGlobalSection
	GlobalSection(SolutionProperties) = preSolution
		HideSolutionNode = FALSE
	EndGlobalSection
	GlobalSection(ExtensibilityGlobals) = postSolution
		SolutionGuid = {0C65AA3C-C4CF-4929-A69D-EAC39E71EEA4}
	EndGlobalSection
EndGlobal
